# Exact package versions of the 'dock' env used for results/ (conda env export --no-builds, 2026-09-06).
# Reproduce with: mamba env create -f environment.lock.yml   (environment.yml is the unpinned spec)
name: dock
channels:
  - conda-forge
  - bioconda
  - defaults
dependencies:
  - _openmp_mutex=4.5
  - _python_abi3_support=1.0
  - alsa-lib=1.2.16.1
  - annotated-doc=0.0.5
  - aws-c-auth=0.10.4
  - aws-c-cal=0.9.14
  - aws-c-common=0.14.2
  - aws-c-compression=0.3.2
  - aws-c-event-stream=0.7.1
  - aws-c-http=0.11.0
  - aws-c-io=0.27.3
  - aws-c-mqtt=0.16.0
  - aws-c-s3=0.12.8
  - aws-c-sdkutils=0.2.7
  - aws-checksums=0.2.10
  - aws-crt-cpp=0.40.1
  - aws-sdk-cpp=1.11.833
  - azure-core-cpp=1.16.3
  - azure-identity-cpp=1.13.3
  - azure-storage-blobs-cpp=12.18.0
  - azure-storage-common-cpp=12.14.0
  - azure-storage-files-datalake-cpp=12.16.0
  - backports.zstd=1.7.0
  - biopython=1.88
  - blosc=1.21.6
  - brotli=1.2.0
  - brotli-bin=1.2.0
  - brotli-python=1.2.0
  - bzip2=1.0.8
  - c-ares=1.34.8
  - ca-certificates=2026.7.22
  - cached-property=2.0.1
  - cached_property=2.0.1
  - cairo=1.18.4
  - certifi=2026.7.22
  - cftime=1.6.5
  - charset-normalizer=3.5.1
  - cloudpickle=3.1.2
  - colorama=0.4.6
  - contourpy=1.3.3
  - cpython=3.11.16
  - cuda-crt-tools=12.9.86
  - cuda-cudart=12.9.79
  - cuda-cudart_linux-64=12.9.79
  - cuda-cuobjdump=12.9.82
  - cuda-cupti=12.9.79
  - cuda-nvcc-tools=12.9.86
  - cuda-nvdisasm=12.9.88
  - cuda-nvrtc=12.9.86
  - cuda-nvtx=12.9.79
  - cuda-nvvm-tools=12.9.86
  - cuda-version=12.9
  - cycler=0.12.1
  - cyrus-sasl=2.1.28
  - dbus=1.16.2
  - dill=0.4.1
  - double-conversion=3.4.0
  - eigen-abi=3.4.0.100
  - exceptiongroup=1.3.1
  - filelock=3.32.5
  - fmt=12.1.0
  - font-ttf-dejavu-sans-mono=2.37
  - font-ttf-inconsolata=3.000
  - font-ttf-source-code-pro=2.038
  - font-ttf-ubuntu=0.83
  - fontconfig=2.18.3
  - fonts-conda-ecosystem=1
  - fonts-conda-forge=1
  - fonttools=4.63.0
  - formulaic=1.2.2
  - freetype=2.14.3
  - freetype-py=2.3.0
  - fribidi=1.0.16
  - fsspec=2026.7.0
  - gemmi=0.7.5
  - gflags=2.3.1
  - glog=0.7.1
  - gmp=6.3.0
  - gmpy2=2.3.1
  - graphite2=1.3.15
  - greenlet=3.5.5
  - griddataformats=1.2.0
  - gsd=5.0.1
  - h2=4.4.1
  - h5py=3.16.0
  - hdf4=4.2.15
  - hdf5=1.14.6
  - hpack=4.2.0
  - hyperframe=6.1.0
  - icu=78.3
  - idna=3.19
  - iniconfig=2.3.0
  - interface_meta=1.3.0
  - jinja2=3.1.6
  - joblib=1.6.0
  - keyutils=1.6.3
  - kiwisolver=1.5.1
  - krb5=1.22.2
  - lcms2=2.19.1
  - ld_impl_linux-64=2.46.1
  - lerc=4.2.0
  - libabseil=20260526.0
  - libaec=1.1.5
  - libarrow=25.0.0
  - libarrow-acero=25.0.0
  - libarrow-compute=25.0.0
  - libarrow-dataset=25.0.0
  - libarrow-substrait=25.0.0
  - libblas=3.11.0
  - libboost=1.86.0
  - libboost-python=1.86.0
  - libbrotlicommon=1.2.0
  - libbrotlidec=1.2.0
  - libbrotlienc=1.2.0
  - libcap=2.78
  - libcblas=3.11.0
  - libclang-cpp23.1=23.1.0
  - libclang13=23.1.0
  - libcrc32c=1.1.2
  - libcublas=12.9.2.10
  - libcudnn=9.10.2.21
  - libcudss=0.8.0.10
  - libcufft=11.4.1.4
  - libcufile=1.14.1.1
  - libcups=2.3.3
  - libcurand=10.3.10.19
  - libcurl=8.22.0
  - libcusolver=11.7.5.82
  - libcusparse=12.5.10.65
  - libdeflate=1.25
  - libdrm=2.4.129
  - libedit=3.1.20250104
  - libegl=1.7.0
  - libegl-devel=1.7.0
  - libev=4.33
  - libevent=2.1.12
  - libexpat=2.8.1
  - libffi=3.7.0
  - libfreetype=2.14.3
  - libfreetype6=2.14.3
  - libgcc=16.2.0
  - libgcc-ng=16.2.0
  - libgfortran=16.2.0
  - libgfortran5=16.2.0
  - libgl=1.7.0
  - libgl-devel=1.7.0
  - libglib=2.88.3
  - libglvnd=1.7.0
  - libglx=1.7.0
  - libglx-devel=1.7.0
  - libgoogle-cloud=3.8.0
  - libgoogle-cloud-storage=3.8.0
  - libgrpc=1.82.1
  - libharfbuzz=14.4.0
  - libhwloc=2.13.0
  - libiconv=1.18
  - libjpeg-turbo=3.2.0
  - liblapack=3.11.0
  - libllvm23=23.1.0
  - liblzma=5.8.3
  - libmagma=2.10.0
  - libnetcdf=4.10.1
  - libnghttp2=1.68.1
  - libnl=3.11.0
  - libnsl=2.0.1
  - libntlm=1.8
  - libnvjitlink=12.9.86
  - libopengl=1.7.0
  - libopentelemetry-cpp=1.27.0
  - libopentelemetry-cpp-headers=1.27.0
  - libparquet=25.0.0
  - libpciaccess=0.19
  - libpng=1.6.58
  - libpq=18.6
  - libprotobuf=7.35.1
  - libpsl=0.23.1
  - libpython=3.11.16
  - libraqm=0.11.0
  - librdkit=2026.03.1
  - libre2-11=2025.11.05
  - libsqlite=3.53.4
  - libssh2=1.11.1
  - libstdcxx=16.2.0
  - libstdcxx-ng=16.2.0
  - libsystemd0=261.2
  - libthrift=0.22.0
  - libtiff=4.7.2
  - libtorch=2.13.0
  - libudev1=261.2
  - libutf8proc=2.11.3
  - libuuid=2.42.3
  - libuv=1.52.1
  - libvulkan-loader=1.4.357.0
  - libwebp-base=1.6.0
  - libxcb=1.17.0
  - libxcrypt=4.4.38
  - libxkbcommon=1.13.2
  - libxml2=2.15.3
  - libxml2-16=2.15.3
  - libxslt=1.1.45
  - libzip=1.11.2
  - libzlib=1.3.2
  - llvm-openmp=23.1.0
  - lz4-c=1.10.0
  - markdown-it-py=4.2.0
  - markupsafe=3.0.3
  - matplotlib=3.11.1
  - matplotlib-base=3.11.1
  - mda-xdrlib=0.2.0
  - mdanalysis=2.10.0
  - mdurl=0.1.2
  - meeko=0.8.0
  - mkl=2026.1.0
  - mmtf-python=1.1.3
  - mpc=1.4.0
  - mpfr=4.2.2
  - mpmath=1.4.1
  - mrcfile=1.5.4
  - msgpack-python=1.2.2
  - multiprocess=0.70.19
  - munkres=1.1.4
  - narwhals=2.25.0
  - nccl=2.30.7.1
  - ncurses=6.6
  - netcdf4=1.7.4
  - networkx=3.6.1
  - nlohmann_json=3.12.0
  - numpy=2.4.6
  - onednn=3.12
  - openbabel=3.2.1
  - openjpeg=2.5.4
  - openldap=2.6.13
  - openssl=3.6.4
  - optree=0.20.0
  - orc=2.3.1
  - packaging=26.3
  - pandas=3.0.5
  - patsy=1.0.3
  - pcre2=10.47
  - pillow=12.3.0
  - pip=26.2.1
  - pixman=0.46.4
  - pluggy=1.6.0
  - prody=2.6.1
  - prolif=2.2.1
  - prometheus-cpp=1.3.0
  - psutil=7.2.2
  - pthread-stubs=0.4
  - pyarrow=25.0.0
  - pyarrow-core=25.0.0
  - pybind11=3.0.4
  - pybind11-abi=11
  - pybind11-global=3.0.4
  - pycairo=1.29.1
  - pyedr=0.8.0
  - pygments=2.21.0
  - pyparsing=3.1.1
  - pyside6=6.11.2
  - pysocks=1.7.1
  - pytest=9.1.1
  - python=3.11.16
  - python-dateutil=2.9.0.post0
  - python-gil=3.11.16
  - python_abi=3.11
  - pytng=0.3.4
  - pytorch=2.13.0
  - pytorch-gpu=2.13.0
  - pyyaml=6.0.3
  - qhull=2020.2
  - qt6-main=6.11.2
  - rdkit=2026.03.1
  - rdma-core=64.0
  - re2=2025.11.05
  - readline=8.3
  - reportlab=5.0.1
  - requests=2.34.2
  - rich=15.0.0
  - rlpycairo=0.4.0
  - s2n=1.7.5
  - scikit-learn=1.9.0
  - scipy=1.17.1
  - seaborn=0.13.2
  - seaborn-base=0.13.2
  - setuptools=81.0.0
  - shellingham=1.5.4
  - six=1.17.0
  - sleef=3.9.0
  - snappy=1.2.2
  - sqlalchemy=2.0.52
  - statsmodels=0.15.0
  - sympy=1.14.0
  - tabulate=0.10.0
  - tbb=2023.0.0
  - threadpoolctl=3.6.0
  - tidynamics=1.1.2
  - tk=8.6.13
  - tomli=2.4.1
  - tornado=6.5.8
  - tqdm=4.70.0
  - triton=3.7.1
  - typer=0.27.2
  - typing-extensions=4.16.0
  - typing_extensions=4.16.0
  - tzdata=2026c
  - unicodedata2=17.0.1
  - urllib3=2.7.0
  - vina=1.2.7
  - wayland=1.26.0
  - wheel=0.48.0
  - wrapt=2.4.0
  - xcb-util=0.4.1
  - xcb-util-cursor=0.1.6
  - xcb-util-image=0.4.0
  - xcb-util-keysyms=0.4.1
  - xcb-util-renderutil=0.3.10
  - xcb-util-wm=0.4.2
  - xkeyboard-config=2.48
  - xorg-libice=1.1.2
  - xorg-libsm=1.2.6
  - xorg-libx11=1.8.13
  - xorg-libxau=1.0.12
  - xorg-libxcomposite=0.4.7
  - xorg-libxcursor=1.2.3
  - xorg-libxdamage=1.1.6
  - xorg-libxdmcp=1.1.5
  - xorg-libxext=1.3.7
  - xorg-libxfixes=6.0.2
  - xorg-libxi=1.8.3
  - xorg-libxrandr=1.5.5
  - xorg-libxrender=0.9.12
  - xorg-libxtst=1.2.5
  - xorg-libxxf86vm=1.1.7
  - xorg-xorgproto=2025.1
  - yaml=0.2.5
  - zlib=1.3.2
  - zlib-ng=2.3.3
  - zstd=1.5.7
